
Microsoft Visual Studio Solution File, Format Version 12.00
# Visual Studio Version 17
VisualStudioVersion = 17.0.31903.59
MinimumVisualStudioVersion = 10.0.40219.1
Project("{2150E333-8FDC-42A3-9474-1A3956D46DE8}") = "StringsAndArrays", "StringsAndArrays", "{0F8DE7A1-5520-8A53-B351-8485175ECC9D}"
EndProject
Project("{FAE04EC0-301F-11D3-BF4B-00C04F79EFBC}") = "IsStringHasAllUniqueCharacter", "StringsAndArrays\IsStringHasAllUniqueCharacter.csproj", "{67128F91-EB60-4D72-A0A0-B456DA79C2D7}"
EndProject
Project("{FAE04EC0-301F-11D3-BF4B-00C04F79EFBC}") = "ReverseString", "ReverseString\ReverseString.csproj", "{798C1DBD-8528-49CF-B6F3-01DC4C8D261A}"
EndProject
Project("{FAE04EC0-301F-11D3-BF4B-00C04F79EFBC}") = "IsStringPalindrome", "AreStringsPermutation\IsStringPalindrome.csproj", "{7EC23B81-FD90-41BB-B6FB-22704400760B}"
EndProject
Project("{FAE04EC0-301F-11D3-BF4B-00C04F79EFBC}") = "SuppressSpacesAndOrderString", "SuppressSpacesAndOrderString\SuppressSpacesAndOrderString.csproj", "{3279F80D-25ED-43AE-8BE5-0DD22FD5B647}"
EndProject
Global
	GlobalSection(SolutionConfigurationPlatforms) = preSolution
		Debug|Any CPU = Debug|Any CPU
		Debug|x64 = Debug|x64
		Debug|x86 = Debug|x86
		Release|Any CPU = Release|Any CPU
		Release|x64 = Release|x64
		Release|x86 = Release|x86
	EndGlobalSection
	GlobalSection(ProjectConfigurationPlatforms) = postSolution
		{67128F91-EB60-4D72-A0A0-B456DA79C2D7}.Debug|Any CPU.ActiveCfg = Debug|Any CPU
		{67128F91-EB60-4D72-A0A0-B456DA79C2D7}.Debug|Any CPU.Build.0 = Debug|Any CPU
		{67128F91-EB60-4D72-A0A0-B456DA79C2D7}.Debug|x64.ActiveCfg = Debug|Any CPU
		{67128F91-EB60-4D72-A0A0-B456DA79C2D7}.Debug|x64.Build.0 = Debug|Any CPU
		{67128F91-EB60-4D72-A0A0-B456DA79C2D7}.Debug|x86.ActiveCfg = Debug|Any CPU
		{67128F91-EB60-4D72-A0A0-B456DA79C2D7}.Debug|x86.Build.0 = Debug|Any CPU
		{67128F91-EB60-4D72-A0A0-B456DA79C2D7}.Release|Any CPU.ActiveCfg = Release|Any CPU
		{67128F91-EB60-4D72-A0A0-B456DA79C2D7}.Release|Any CPU.Build.0 = Release|Any CPU
		{67128F91-EB60-4D72-A0A0-B456DA79C2D7}.Release|x64.ActiveCfg = Release|Any CPU
		{67128F91-EB60-4D72-A0A0-B456DA79C2D7}.Release|x64.Build.0 = Release|Any CPU
		{67128F91-EB60-4D72-A0A0-B456DA79C2D7}.Release|x86.ActiveCfg = Release|Any CPU
		{67128F91-EB60-4D72-A0A0-B456DA79C2D7}.Release|x86.Build.0 = Release|Any CPU
		{798C1DBD-8528-49CF-B6F3-01DC4C8D261A}.Debug|Any CPU.ActiveCfg = Debug|Any CPU
		{798C1DBD-8528-49CF-B6F3-01DC4C8D261A}.Debug|Any CPU.Build.0 = Debug|Any CPU
		{798C1DBD-8528-49CF-B6F3-01DC4C8D261A}.Debug|x64.ActiveCfg = Debug|Any CPU
		{798C1DBD-8528-49CF-B6F3-01DC4C8D261A}.Debug|x64.Build.0 = Debug|Any CPU
		{798C1DBD-8528-49CF-B6F3-01DC4C8D261A}.Debug|x86.ActiveCfg = Debug|Any CPU
		{798C1DBD-8528-49CF-B6F3-01DC4C8D261A}.Debug|x86.Build.0 = Debug|Any CPU
		{798C1DBD-8528-49CF-B6F3-01DC4C8D261A}.Release|Any CPU.ActiveCfg = Release|Any CPU
		{798C1DBD-8528-49CF-B6F3-01DC4C8D261A}.Release|Any CPU.Build.0 = Release|Any CPU
		{798C1DBD-8528-49CF-B6F3-01DC4C8D261A}.Release|x64.ActiveCfg = Release|Any CPU
		{798C1DBD-8528-49CF-B6F3-01DC4C8D261A}.Release|x64.Build.0 = Release|Any CPU
		{798C1DBD-8528-49CF-B6F3-01DC4C8D261A}.Release|x86.ActiveCfg = Release|Any CPU
		{798C1DBD-8528-49CF-B6F3-01DC4C8D261A}.Release|x86.Build.0 = Release|Any CPU
		{7EC23B81-FD90-41BB-B6FB-22704400760B}.Debug|Any CPU.ActiveCfg = Debug|Any CPU
		{7EC23B81-FD90-41BB-B6FB-22704400760B}.Debug|Any CPU.Build.0 = Debug|Any CPU
		{7EC23B81-FD90-41BB-B6FB-22704400760B}.Debug|x64.ActiveCfg = Debug|Any CPU
		{7EC23B81-FD90-41BB-B6FB-22704400760B}.Debug|x64.Build.0 = Debug|Any CPU
		{7EC23B81-FD90-41BB-B6FB-22704400760B}.Debug|x86.ActiveCfg = Debug|Any CPU
		{7EC23B81-FD90-41BB-B6FB-22704400760B}.Debug|x86.Build.0 = Debug|Any CPU
		{7EC23B81-FD90-41BB-B6FB-22704400760B}.Release|Any CPU.ActiveCfg = Release|Any CPU
		{7EC23B81-FD90-41BB-B6FB-22704400760B}.Release|Any CPU.Build.0 = Release|Any CPU
		{7EC23B81-FD90-41BB-B6FB-22704400760B}.Release|x64.ActiveCfg = Release|Any CPU
		{7EC23B81-FD90-41BB-B6FB-22704400760B}.Release|x64.Build.0 = Release|Any CPU
		{7EC23B81-FD90-41BB-B6FB-22704400760B}.Release|x86.ActiveCfg = Release|Any CPU
		{7EC23B81-FD90-41BB-B6FB-22704400760B}.Release|x86.Build.0 = Release|Any CPU
		{3279F80D-25ED-43AE-8BE5-0DD22FD5B647}.Debug|Any CPU.ActiveCfg = Debug|Any CPU
		{3279F80D-25ED-43AE-8BE5-0DD22FD5B647}.Debug|Any CPU.Build.0 = Debug|Any CPU
		{3279F80D-25ED-43AE-8BE5-0DD22FD5B647}.Debug|x64.ActiveCfg = Debug|Any CPU
		{3279F80D-25ED-43AE-8BE5-0DD22FD5B647}.Debug|x64.Build.0 = Debug|Any CPU
		{3279F80D-25ED-43AE-8BE5-0DD22FD5B647}.Debug|x86.ActiveCfg = Debug|Any CPU
		{3279F80D-25ED-43AE-8BE5-0DD22FD5B647}.Debug|x86.Build.0 = Debug|Any CPU
		{3279F80D-25ED-43AE-8BE5-0DD22FD5B647}.Release|Any CPU.ActiveCfg = Release|Any CPU
		{3279F80D-25ED-43AE-8BE5-0DD22FD5B647}.Release|Any CPU.Build.0 = Release|Any CPU
		{3279F80D-25ED-43AE-8BE5-0DD22FD5B647}.Release|x64.ActiveCfg = Release|Any CPU
		{3279F80D-25ED-43AE-8BE5-0DD22FD5B647}.Release|x64.Build.0 = Release|Any CPU
		{3279F80D-25ED-43AE-8BE5-0DD22FD5B647}.Release|x86.ActiveCfg = Release|Any CPU
		{3279F80D-25ED-43AE-8BE5-0DD22FD5B647}.Release|x86.Build.0 = Release|Any CPU
	EndGlobalSection
	GlobalSection(SolutionProperties) = preSolution
		HideSolutionNode = FALSE
	EndGlobalSection
	GlobalSection(NestedProjects) = preSolution
		{67128F91-EB60-4D72-A0A0-B456DA79C2D7} = {0F8DE7A1-5520-8A53-B351-8485175ECC9D}
		{798C1DBD-8528-49CF-B6F3-01DC4C8D261A} = {0F8DE7A1-5520-8A53-B351-8485175ECC9D}
		{7EC23B81-FD90-41BB-B6FB-22704400760B} = {0F8DE7A1-5520-8A53-B351-8485175ECC9D}
		{3279F80D-25ED-43AE-8BE5-0DD22FD5B647} = {0F8DE7A1-5520-8A53-B351-8485175ECC9D}
	EndGlobalSection
	GlobalSection(ExtensibilityGlobals) = postSolution
		SolutionGuid = {FE453340-CF6F-4E5C-A1EA-8B6B590F4884}
	EndGlobalSection
EndGlobal
